
Microsoft Visual Studio Solution File, Format Version 10.00
# Visual C++ Express 2008
Project("{8BC9CEB8-8B4A-11D0-8D11-00A0C91BC942}") = "lab09_14", "lab09_14\lab09_14.vcproj", "{91F5307D-62AF-418A-B302-9CE60C8EA4ED}"
EndProject
Global
	GlobalSection(SolutionConfigurationPlatforms) = preSolution
		Debug|Win32 = Debug|Win32
		Release|Win32 = Release|Win32
	EndGlobalSection
	GlobalSection(ProjectConfigurationPlatforms) = postSolution
		{91F5307D-62AF-418A-B302-9CE60C8EA4ED}.Debug|Win32.ActiveCfg = Debug|Win32
		{91F5307D-62AF-418A-B302-9CE60C8EA4ED}.Debug|Win32.Build.0 = Debug|Win32
		{91F5307D-62AF-418A-B302-9CE60C8EA4ED}.Release|Win32.ActiveCfg = Release|Win32
		{91F5307D-62AF-418A-B302-9CE60C8EA4ED}.Release|Win32.Build.0 = Release|Win32
	EndGlobalSection
	GlobalSection(SolutionProperties) = preSolution
		HideSolutionNode = FALSE
	EndGlobalSection
EndGlobal
